// !$*UTF8*$!
{
	archiveVersion = 1;
	classes = {
	};
	objectVersion = 46;
	objects = {

/* Begin PBXBuildFile section */
		9A037D841C2B8B1C0076AE99 /* CoreData.framework in Frameworks */ = {isa = PBXBuildFile; fileRef = 9A037D831C2B8B1C0076AE99 /* CoreData.framework */; };
		9A037D861C2B8B490076AE99 /* SystemConfiguration.framework in Frameworks */ = {isa = PBXBuildFile; fileRef = 9A037D851C2B8B490076AE99 /* SystemConfiguration.framework */; };
		9A037D881C2B8B560076AE99 /* libz.tbd in Frameworks */ = {isa = PBXBuildFile; fileRef = 9A037D871C2B8B560076AE99 /* libz.tbd */; };
		9A037D8A1C2B8B660076AE99 /* libsqlite3.tbd in Frameworks */ = {isa = PBXBuildFile; fileRef = 9A037D891C2B8B660076AE99 /* libsqlite3.tbd */; };
		9A037D901C2B8F030076AE99 /* libGoogleAnalyticsServices.a in Frameworks */ = {isa = PBXBuildFile; fileRef = 9A037D8F1C2B8F030076AE99 /* libGoogleAnalyticsServices.a */; };
		9A037D941C2B98890076AE99 /* CoreTelephony.framework in Frameworks */ = {isa = PBXBuildFile; fileRef = 9A037D931C2B98890076AE99 /* CoreTelephony.framework */; };
		9A037D961C2B98AB0076AE99 /* WebKit.framework in Frameworks */ = {isa = PBXBuildFile; fileRef = 9A037D951C2B98AB0076AE99 /* WebKit.framework */; };
		9A037D981C2B98D80076AE99 /* SplunkMint.framework in Frameworks */ = {isa = PBXBuildFile; fileRef = 9A037D971C2B98D80076AE99 /* SplunkMint.framework */; };
		9A0611581C2A4FC600DA50A5 /* apiLoader.swift in Sources */ = {isa = PBXBuildFile; fileRef = 9A0611571C2A4FC600DA50A5 /* apiLoader.swift */; };
		9A0744321C2CD5420024EC01 /* coreDataController.swift in Sources */ = {isa = PBXBuildFile; fileRef = 9A0744311C2CD5420024EC01 /* coreDataController.swift */; };
		9A0744461C2CD56B0024EC01 /* ArcView.swift in Sources */ = {isa = PBXBuildFile; fileRef = 9A0744341C2CD56B0024EC01 /* ArcView.swift */; };
		9A0744471C2CD56B0024EC01 /* Background.swift in Sources */ = {isa = PBXBuildFile; fileRef = 9A0744351C2CD56B0024EC01 /* Background.swift */; };
		9A0744481C2CD56B0024EC01 /* BaseWindow.swift in Sources */ = {isa = PBXBuildFile; fileRef = 9A0744361C2CD56B0024EC01 /* BaseWindow.swift */; };
		9A0744491C2CD56B0024EC01 /* BlueDarkStyle.swift in Sources */ = {isa = PBXBuildFile; fileRef = 9A0744371C2CD56B0024EC01 /* BlueDarkStyle.swift */; };
		9A07444A1C2CD56B0024EC01 /* BlueIndicatorStyle.swift in Sources */ = {isa = PBXBuildFile; fileRef = 9A0744381C2CD56B0024EC01 /* BlueIndicatorStyle.swift */; };
		9A07444B1C2CD56B0024EC01 /* CircularProgressView.swift in Sources */ = {isa = PBXBuildFile; fileRef = 9A0744391C2CD56B0024EC01 /* CircularProgressView.swift */; };
		9A07444C1C2CD56B0024EC01 /* ColorUtil.swift in Sources */ = {isa = PBXBuildFile; fileRef = 9A07443A1C2CD56B0024EC01 /* ColorUtil.swift */; };
		9A07444D1C2CD56B0024EC01 /* GradientArcView.swift in Sources */ = {isa = PBXBuildFile; fileRef = 9A07443B1C2CD56B0024EC01 /* GradientArcView.swift */; };
		9A07444E1C2CD56B0024EC01 /* GradientArcWithClearColorView.swift in Sources */ = {isa = PBXBuildFile; fileRef = 9A07443C1C2CD56B0024EC01 /* GradientArcWithClearColorView.swift */; };
		9A07444F1C2CD56B0024EC01 /* GradientCircularProgress.swift in Sources */ = {isa = PBXBuildFile; fileRef = 9A07443E1C2CD56B0024EC01 /* GradientCircularProgress.swift */; };
		9A0744501C2CD56B0024EC01 /* GreenLightStyle.swift in Sources */ = {isa = PBXBuildFile; fileRef = 9A07443F1C2CD56B0024EC01 /* GreenLightStyle.swift */; };
		9A0744511C2CD56B0024EC01 /* Info.plist in Resources */ = {isa = PBXBuildFile; fileRef = 9A0744401C2CD56B0024EC01 /* Info.plist */; };
		9A0744521C2CD56B0024EC01 /* OrangeClearStyle.swift in Sources */ = {isa = PBXBuildFile; fileRef = 9A0744411C2CD56B0024EC01 /* OrangeClearStyle.swift */; };
		9A0744531C2CD56B0024EC01 /* ProgressAtRatioView.swift in Sources */ = {isa = PBXBuildFile; fileRef = 9A0744421C2CD56B0024EC01 /* ProgressAtRatioView.swift */; };
		9A0744541C2CD56B0024EC01 /* ProgressViewController.swift in Sources */ = {isa = PBXBuildFile; fileRef = 9A0744431C2CD56B0024EC01 /* ProgressViewController.swift */; };
		9A0744551C2CD56B0024EC01 /* Property.swift in Sources */ = {isa = PBXBuildFile; fileRef = 9A0744441C2CD56B0024EC01 /* Property.swift */; };
		9A0744561C2CD56B0024EC01 /* Style.swift in Sources */ = {isa = PBXBuildFile; fileRef = 9A0744451C2CD56B0024EC01 /* Style.swift */; };
		9A2C6A7E1C1FEB1000E710CF /* Contact.swift in Sources */ = {isa = PBXBuildFile; fileRef = 9A2C6A7C1C1FEB1000E710CF /* Contact.swift */; };
		9A2C6A7F1C1FEB1000E710CF /* Contact+CoreDataProperties.swift in Sources */ = {isa = PBXBuildFile; fileRef = 9A2C6A7D1C1FEB1000E710CF /* Contact+CoreDataProperties.swift */; };
		9A2C6A861C1FEB3700E710CF /* Home.swift in Sources */ = {isa = PBXBuildFile; fileRef = 9A2C6A821C1FEB3700E710CF /* Home.swift */; };
		9A2C6A871C1FEB3700E710CF /* Home+CoreDataProperties.swift in Sources */ = {isa = PBXBuildFile; fileRef = 9A2C6A831C1FEB3700E710CF /* Home+CoreDataProperties.swift */; };
		9A2C6A8F1C1FEBB500E710CF /* Version.swift in Sources */ = {isa = PBXBuildFile; fileRef = 9A2C6A8D1C1FEBB500E710CF /* Version.swift */; };
		9A2C6A901C1FEBB500E710CF /* Version+CoreDataProperties.swift in Sources */ = {isa = PBXBuildFile; fileRef = 9A2C6A8E1C1FEBB500E710CF /* Version+CoreDataProperties.swift */; };
		9A2C6A971C1FEC1200E710CF /* News.swift in Sources */ = {isa = PBXBuildFile; fileRef = 9A2C6A951C1FEC1200E710CF /* News.swift */; };
		9A2C6A981C1FEC1200E710CF /* News+CoreDataProperties.swift in Sources */ = {isa = PBXBuildFile; fileRef = 9A2C6A961C1FEC1200E710CF /* News+CoreDataProperties.swift */; };
		9A2C6A9F1C201B5500E710CF /* contactTableViewCell.swift in Sources */ = {isa = PBXBuildFile; fileRef = 9A2C6A9D1C201B5500E710CF /* contactTableViewCell.swift */; };
		9A2C6AA01C201B5500E710CF /* contactTableViewCell.xib in Resources */ = {isa = PBXBuildFile; fileRef = 9A2C6A9E1C201B5500E710CF /* contactTableViewCell.xib */; };
		9A96CB791C1EADCC00EBA97E /* localNewsTableViewCell.swift in Sources */ = {isa = PBXBuildFile; fileRef = 9A96CB771C1EADCC00EBA97E /* localNewsTableViewCell.swift */; };
		9A96CB7A1C1EADCC00EBA97E /* localNewsTableViewCell.xib in Resources */ = {isa = PBXBuildFile; fileRef = 9A96CB781C1EADCC00EBA97E /* localNewsTableViewCell.xib */; };
		9A96CB801C1EB90600EBA97E /* howToTableViewCell.swift in Sources */ = {isa = PBXBuildFile; fileRef = 9A96CB7E1C1EB90600EBA97E /* howToTableViewCell.swift */; };
		9A96CB811C1EB90600EBA97E /* howToTableViewCell.xib in Resources */ = {isa = PBXBuildFile; fileRef = 9A96CB7F1C1EB90600EBA97E /* howToTableViewCell.xib */; };
		9A96CB841C1EBFFE00EBA97E /* mapCollectionViewCell.swift in Sources */ = {isa = PBXBuildFile; fileRef = 9A96CB821C1EBFFE00EBA97E /* mapCollectionViewCell.swift */; };
		9A96CB851C1EBFFE00EBA97E /* mapCollectionViewCell.xib in Resources */ = {isa = PBXBuildFile; fileRef = 9A96CB831C1EBFFE00EBA97E /* mapCollectionViewCell.xib */; };
		9ACCBC3D1C3CE420008F362F /* Howto+CoreDataProperties.swift in Sources */ = {isa = PBXBuildFile; fileRef = 9ACCBC391C3CE420008F362F /* Howto+CoreDataProperties.swift */; };
		9ACCBC3E1C3CE420008F362F /* Howto.swift in Sources */ = {isa = PBXBuildFile; fileRef = 9ACCBC3A1C3CE420008F362F /* Howto.swift */; };
		9ACCBC3F1C3CE420008F362F /* Map+CoreDataProperties.swift in Sources */ = {isa = PBXBuildFile; fileRef = 9ACCBC3B1C3CE420008F362F /* Map+CoreDataProperties.swift */; };
		9ACCBC401C3CE420008F362F /* Map.swift in Sources */ = {isa = PBXBuildFile; fileRef = 9ACCBC3C1C3CE420008F362F /* Map.swift */; };
		9AE9DE7A1C22A61400454B2E /* Kaoyai.xcdatamodeld in Sources */ = {isa = PBXBuildFile; fileRef = 9AE9DE781C22A61400454B2E /* Kaoyai.xcdatamodeld */; };
		DF33799E1BF4E3E100A11711 /* AFHTTPRequestOperation.m in Sources */ = {isa = PBXBuildFile; fileRef = DF3379791BF4E3E100A11711 /* AFHTTPRequestOperation.m */; };
		DF33799F1BF4E3E100A11711 /* AFHTTPRequestOperationManager.m in Sources */ = {isa = PBXBuildFile; fileRef = DF33797B1BF4E3E100A11711 /* AFHTTPRequestOperationManager.m */; };
		DF3379A01BF4E3E100A11711 /* AFHTTPSessionManager.m in Sources */ = {isa = PBXBuildFile; fileRef = DF33797D1BF4E3E100A11711 /* AFHTTPSessionManager.m */; };
		DF3379A11BF4E3E100A11711 /* AFNetworkReachabilityManager.m in Sources */ = {isa = PBXBuildFile; fileRef = DF3379801BF4E3E100A11711 /* AFNetworkReachabilityManager.m */; };
		DF3379A21BF4E3E100A11711 /* AFSecurityPolicy.m in Sources */ = {isa = PBXBuildFile; fileRef = DF3379821BF4E3E100A11711 /* AFSecurityPolicy.m */; };
		DF3379A31BF4E3E100A11711 /* AFURLConnectionOperation.m in Sources */ = {isa = PBXBuildFile; fileRef = DF3379841BF4E3E100A11711 /* AFURLConnectionOperation.m */; };
		DF3379A41BF4E3E100A11711 /* AFURLRequestSerialization.m in Sources */ = {isa = PBXBuildFile; fileRef = DF3379861BF4E3E100A11711 /* AFURLRequestSerialization.m */; };
		DF3379A51BF4E3E100A11711 /* AFURLResponseSerialization.m in Sources */ = {isa = PBXBuildFile; fileRef = DF3379881BF4E3E100A11711 /* AFURLResponseSerialization.m */; };
		DF3379A61BF4E3E100A11711 /* AFURLSessionManager.m in Sources */ = {isa = PBXBuildFile; fileRef = DF33798A1BF4E3E100A11711 /* AFURLSessionManager.m */; };
		DF3379A71BF4E3E100A11711 /* AFNetworkActivityIndicatorManager.m in Sources */ = {isa = PBXBuildFile; fileRef = DF33798D1BF4E3E100A11711 /* AFNetworkActivityIndicatorManager.m */; };
		DF3379A81BF4E3E100A11711 /* UIActivityIndicatorView+AFNetworking.m in Sources */ = {isa = PBXBuildFile; fileRef = DF33798F1BF4E3E100A11711 /* UIActivityIndicatorView+AFNetworking.m */; };
		DF3379A91BF4E3E100A11711 /* UIAlertView+AFNetworking.m in Sources */ = {isa = PBXBuildFile; fileRef = DF3379911BF4E3E100A11711 /* UIAlertView+AFNetworking.m */; };
		DF3379AA1BF4E3E100A11711 /* UIButton+AFNetworking.m in Sources */ = {isa = PBXBuildFile; fileRef = DF3379931BF4E3E100A11711 /* UIButton+AFNetworking.m */; };
		DF3379AB1BF4E3E100A11711 /* UIImageView+AFNetworking.m in Sources */ = {isa = PBXBuildFile; fileRef = DF3379961BF4E3E100A11711 /* UIImageView+AFNetworking.m */; };
		DF3379AC1BF4E3E100A11711 /* UIProgressView+AFNetworking.m in Sources */ = {isa = PBXBuildFile; fileRef = DF3379991BF4E3E100A11711 /* UIProgressView+AFNetworking.m */; };
		DF3379AD1BF4E3E100A11711 /* UIRefreshControl+AFNetworking.m in Sources */ = {isa = PBXBuildFile; fileRef = DF33799B1BF4E3E100A11711 /* UIRefreshControl+AFNetworking.m */; };
		DF3379AE1BF4E3E100A11711 /* UIWebView+AFNetworking.m in Sources */ = {isa = PBXBuildFile; fileRef = DF33799D1BF4E3E100A11711 /* UIWebView+AFNetworking.m */; };
		DF3379B01BF4E52C00A11711 /* howtoView.swift in Sources */ = {isa = PBXBuildFile; fileRef = DF3379AF1BF4E52C00A11711 /* howtoView.swift */; };
		DF3379B21BF4E53D00A11711 /* mapView.swift in Sources */ = {isa = PBXBuildFile; fileRef = DF3379B11BF4E53D00A11711 /* mapView.swift */; };
		DF3379B41BF4E54B00A11711 /* contactView.swift in Sources */ = {isa = PBXBuildFile; fileRef = DF3379B31BF4E54B00A11711 /* contactView.swift */; };
		DF3379B61BF4E55400A11711 /* aboutView.swift in Sources */ = {isa = PBXBuildFile; fileRef = DF3379B51BF4E55400A11711 /* aboutView.swift */; };
		DF3379B81BF4E57500A11711 /* mapDetailView.swift in Sources */ = {isa = PBXBuildFile; fileRef = DF3379B71BF4E57500A11711 /* mapDetailView.swift */; };
		DF3379BA1BF4E58600A11711 /* howtoDetailView.swift in Sources */ = {isa = PBXBuildFile; fileRef = DF3379B91BF4E58600A11711 /* howtoDetailView.swift */; };
		DF39E8B21C1B1B3800E6EDC5 /* dbConnector.swift in Sources */ = {isa = PBXBuildFile; fileRef = DF39E8B11C1B1B3800E6EDC5 /* dbConnector.swift */; };
		DF5A84FE1C17C6AF002F89F3 /* config.swift in Sources */ = {isa = PBXBuildFile; fileRef = DF5A84FD1C17C6AF002F89F3 /* config.swift */; };
		DF8ABD941C3D2B51002710AF /* UIView+Toast.m in Sources */ = {isa = PBXBuildFile; fileRef = DF8ABD931C3D2B51002710AF /* UIView+Toast.m */; };
		DFE8718D1BDF3355003BE1F3 /* AppDelegate.swift in Sources */ = {isa = PBXBuildFile; fileRef = DFE8718C1BDF3355003BE1F3 /* AppDelegate.swift */; };
		DFE8718F1BDF3355003BE1F3 /* homeView.swift in Sources */ = {isa = PBXBuildFile; fileRef = DFE8718E1BDF3355003BE1F3 /* homeView.swift */; };
		DFE871921BDF3355003BE1F3 /* Main.storyboard in Resources */ = {isa = PBXBuildFile; fileRef = DFE871901BDF3355003BE1F3 /* Main.storyboard */; };
		DFE871971BDF3355003BE1F3 /* Assets.xcassets in Resources */ = {isa = PBXBuildFile; fileRef = DFE871961BDF3355003BE1F3 /* Assets.xcassets */; };
		DFE8719A1BDF3355003BE1F3 /* LaunchScreen.storyboard in Resources */ = {isa = PBXBuildFile; fileRef = DFE871981BDF3355003BE1F3 /* LaunchScreen.storyboard */; };
		DFE871A51BDF3355003BE1F3 /* KaoyaiTests.swift in Sources */ = {isa = PBXBuildFile; fileRef = DFE871A41BDF3355003BE1F3 /* KaoyaiTests.swift */; };
		DFE871B01BDF3355003BE1F3 /* KaoyaiUITests.swift in Sources */ = {isa = PBXBuildFile; fileRef = DFE871AF1BDF3355003BE1F3 /* KaoyaiUITests.swift */; };
/* End PBXBuildFile section */

/* Begin PBXContainerItemProxy section */
		DFE871A11BDF3355003BE1F3 /* PBXContainerItemProxy */ = {
			isa = PBXContainerItemProxy;
			containerPortal = DFE871811BDF3355003BE1F3 /* Project object */;
			proxyType = 1;
			remoteGlobalIDString = DFE871881BDF3355003BE1F3;
			remoteInfo = Kaoyai;
		};
		DFE871AC1BDF3355003BE1F3 /* PBXContainerItemProxy */ = {
			isa = PBXContainerItemProxy;
			containerPortal = DFE871811BDF3355003BE1F3 /* Project object */;
			proxyType = 1;
			remoteGlobalIDString = DFE871881BDF3355003BE1F3;
			remoteInfo = Kaoyai;
		};
/* End PBXContainerItemProxy section */

/* Begin PBXFileReference section */
		9A037D791C2B88380076AE99 /* GAI.h */ = {isa = PBXFileReference; fileEncoding = 4; lastKnownFileType = sourcecode.c.h; path = GAI.h; sourceTree = "<group>"; };
		9A037D7A1C2B88380076AE99 /* GAIDictionaryBuilder.h */ = {isa = PBXFileReference; fileEncoding = 4; lastKnownFileType = sourcecode.c.h; path = GAIDictionaryBuilder.h; sourceTree = "<group>"; };
		9A037D7B1C2B88380076AE99 /* GAIEcommerceFields.h */ = {isa = PBXFileReference; fileEncoding = 4; lastKnownFileType = sourcecode.c.h; path = GAIEcommerceFields.h; sourceTree = "<group>"; };
		9A037D7C1C2B88380076AE99 /* GAIEcommerceProduct.h */ = {isa = PBXFileReference; fileEncoding = 4; lastKnownFileType = sourcecode.c.h; path = GAIEcommerceProduct.h; sourceTree = "<group>"; };
		9A037D7D1C2B88380076AE99 /* GAIEcommerceProductAction.h */ = {isa = PBXFileReference; fileEncoding = 4; lastKnownFileType = sourcecode.c.h; path = GAIEcommerceProductAction.h; sourceTree = "<group>"; };
		9A037D7E1C2B88380076AE99 /* GAIEcommercePromotion.h */ = {isa = PBXFileReference; fileEncoding = 4; lastKnownFileType = sourcecode.c.h; path = GAIEcommercePromotion.h; sourceTree = "<group>"; };
		9A037D7F1C2B88380076AE99 /* GAIFields.h */ = {isa = PBXFileReference; fileEncoding = 4; lastKnownFileType = sourcecode.c.h; path = GAIFields.h; sourceTree = "<group>"; };
		9A037D801C2B88380076AE99 /* GAILogger.h */ = {isa = PBXFileReference; fileEncoding = 4; lastKnownFileType = sourcecode.c.h; path = GAILogger.h; sourceTree = "<group>"; };
		9A037D811C2B88380076AE99 /* GAITrackedViewController.h */ = {isa = PBXFileReference; fileEncoding = 4; lastKnownFileType = sourcecode.c.h; path = GAITrackedViewController.h; sourceTree = "<group>"; };
		9A037D821C2B88380076AE99 /* GAITracker.h */ = {isa = PBXFileReference; fileEncoding = 4; lastKnownFileType = sourcecode.c.h; path = GAITracker.h; sourceTree = "<group>"; };
		9A037D831C2B8B1C0076AE99 /* CoreData.framework */ = {isa = PBXFileReference; lastKnownFileType = wrapper.framework; name = CoreData.framework; path = System/Library/Frameworks/CoreData.framework; sourceTree = SDKROOT; };
		9A037D851C2B8B490076AE99 /* SystemConfiguration.framework */ = {isa = PBXFileReference; lastKnownFileType = wrapper.framework; name = SystemConfiguration.framework; path = System/Library/Frameworks/SystemConfiguration.framework; sourceTree = SDKROOT; };
		9A037D871C2B8B560076AE99 /* libz.tbd */ = {isa = PBXFileReference; lastKnownFileType = "sourcecode.text-based-dylib-definition"; name = libz.tbd; path = usr/lib/libz.tbd; sourceTree = SDKROOT; };
		9A037D891C2B8B660076AE99 /* libsqlite3.tbd */ = {isa = PBXFileReference; lastKnownFileType = "sourcecode.text-based-dylib-definition"; name = libsqlite3.tbd; path = usr/lib/libsqlite3.tbd; sourceTree = SDKROOT; };
		9A037D8F1C2B8F030076AE99 /* libGoogleAnalyticsServices.a */ = {isa = PBXFileReference; lastKnownFileType = archive.ar; path = libGoogleAnalyticsServices.a; sourceTree = "<group>"; };
		9A037D931C2B98890076AE99 /* CoreTelephony.framework */ = {isa = PBXFileReference; lastKnownFileType = wrapper.framework; name = CoreTelephony.framework; path = System/Library/Frameworks/CoreTelephony.framework; sourceTree = SDKROOT; };
		9A037D951C2B98AB0076AE99 /* WebKit.framework */ = {isa = PBXFileReference; lastKnownFileType = wrapper.framework; name = WebKit.framework; path = System/Library/Frameworks/WebKit.framework; sourceTree = SDKROOT; };
		9A037D971C2B98D80076AE99 /* SplunkMint.framework */ = {isa = PBXFileReference; lastKnownFileType = wrapper.framework; path = SplunkMint.framework; sourceTree = "<group>"; };
		9A0611571C2A4FC600DA50A5 /* apiLoader.swift */ = {isa = PBXFileReference; fileEncoding = 4; lastKnownFileType = sourcecode.swift; path = apiLoader.swift; sourceTree = "<group>"; };
		9A0744311C2CD5420024EC01 /* coreDataController.swift */ = {isa = PBXFileReference; fileEncoding = 4; lastKnownFileType = sourcecode.swift; path = coreDataController.swift; sourceTree = "<group>"; };
		9A0744341C2CD56B0024EC01 /* ArcView.swift */ = {isa = PBXFileReference; fileEncoding = 4; lastKnownFileType = sourcecode.swift; path = ArcView.swift; sourceTree = "<group>"; };
		9A0744351C2CD56B0024EC01 /* Background.swift */ = {isa = PBXFileReference; fileEncoding = 4; lastKnownFileType = sourcecode.swift; path = Background.swift; sourceTree = "<group>"; };
		9A0744361C2CD56B0024EC01 /* BaseWindow.swift */ = {isa = PBXFileReference; fileEncoding = 4; lastKnownFileType = sourcecode.swift; path = BaseWindow.swift; sourceTree = "<group>"; };
		9A0744371C2CD56B0024EC01 /* BlueDarkStyle.swift */ = {isa = PBXFileReference; fileEncoding = 4; lastKnownFileType = sourcecode.swift; path = BlueDarkStyle.swift; sourceTree = "<group>"; };
		9A0744381C2CD56B0024EC01 /* BlueIndicatorStyle.swift */ = {isa = PBXFileReference; fileEncoding = 4; lastKnownFileType = sourcecode.swift; path = BlueIndicatorStyle.swift; sourceTree = "<group>"; };
		9A0744391C2CD56B0024EC01 /* CircularProgressView.swift */ = {isa = PBXFileReference; fileEncoding = 4; lastKnownFileType = sourcecode.swift; path = CircularProgressView.swift; sourceTree = "<group>"; };
		9A07443A1C2CD56B0024EC01 /* ColorUtil.swift */ = {isa = PBXFileReference; fileEncoding = 4; lastKnownFileType = sourcecode.swift; path = ColorUtil.swift; sourceTree = "<group>"; };
		9A07443B1C2CD56B0024EC01 /* GradientArcView.swift */ = {isa = PBXFileReference; fileEncoding = 4; lastKnownFileType = sourcecode.swift; path = GradientArcView.swift; sourceTree = "<group>"; };
		9A07443C1C2CD56B0024EC01 /* GradientArcWithClearColorView.swift */ = {isa = PBXFileReference; fileEncoding = 4; lastKnownFileType = sourcecode.swift; path = GradientArcWithClearColorView.swift; sourceTree = "<group>"; };
		9A07443D1C2CD56B0024EC01 /* GradientCircularProgress.h */ = {isa = PBXFileReference; fileEncoding = 4; lastKnownFileType = sourcecode.c.h; path = GradientCircularProgress.h; sourceTree = "<group>"; };
		9A07443E1C2CD56B0024EC01 /* GradientCircularProgress.swift */ = {isa = PBXFileReference; fileEncoding = 4; lastKnownFileType = sourcecode.swift; path = GradientCircularProgress.swift; sourceTree = "<group>"; };
		9A07443F1C2CD56B0024EC01 /* GreenLightStyle.swift */ = {isa = PBXFileReference; fileEncoding = 4; lastKnownFileType = sourcecode.swift; path = GreenLightStyle.swift; sourceTree = "<group>"; };
		9A0744401C2CD56B0024EC01 /* Info.plist */ = {isa = PBXFileReference; fileEncoding = 4; lastKnownFileType = text.plist.xml; path = Info.plist; sourceTree = "<group>"; };
		9A0744411C2CD56B0024EC01 /* OrangeClearStyle.swift */ = {isa = PBXFileReference; fileEncoding = 4; lastKnownFileType = sourcecode.swift; path = OrangeClearStyle.swift; sourceTree = "<group>"; };
		9A0744421C2CD56B0024EC01 /* ProgressAtRatioView.swift */ = {isa = PBXFileReference; fileEncoding = 4; lastKnownFileType = sourcecode.swift; path = ProgressAtRatioView.swift; sourceTree = "<group>"; };
		9A0744431C2CD56B0024EC01 /* ProgressViewController.swift */ = {isa = PBXFileReference; fileEncoding = 4; lastKnownFileType = sourcecode.swift; path = ProgressViewController.swift; sourceTree = "<group>"; };
		9A0744441C2CD56B0024EC01 /* Property.swift */ = {isa = PBXFileReference; fileEncoding = 4; lastKnownFileType = sourcecode.swift; path = Property.swift; sourceTree = "<group>"; };
		9A0744451C2CD56B0024EC01 /* Style.swift */ = {isa = PBXFileReference; fileEncoding = 4; lastKnownFileType = sourcecode.swift; path = Style.swift; sourceTree = "<group>"; };
		9A0744581C2CF49B0024EC01 /* en */ = {isa = PBXFileReference; lastKnownFileType = text.plist.strings; name = en; path = en.lproj/Main.strings; sourceTree = "<group>"; };
		9A0744591C2CF4F30024EC01 /* th */ = {isa = PBXFileReference; lastKnownFileType = text.plist.strings; name = th; path = th.lproj/Main.strings; sourceTree = "<group>"; };
		9A2C6A7C1C1FEB1000E710CF /* Contact.swift */ = {isa = PBXFileReference; fileEncoding = 4; lastKnownFileType = sourcecode.swift; path = Contact.swift; sourceTree = "<group>"; };
		9A2C6A7D1C1FEB1000E710CF /* Contact+CoreDataProperties.swift */ = {isa = PBXFileReference; fileEncoding = 4; lastKnownFileType = sourcecode.swift; path = "Contact+CoreDataProperties.swift"; sourceTree = "<group>"; };
		9A2C6A821C1FEB3700E710CF /* Home.swift */ = {isa = PBXFileReference; fileEncoding = 4; lastKnownFileType = sourcecode.swift; path = Home.swift; sourceTree = "<group>"; };
		9A2C6A831C1FEB3700E710CF /* Home+CoreDataProperties.swift */ = {isa = PBXFileReference; fileEncoding = 4; lastKnownFileType = sourcecode.swift; path = "Home+CoreDataProperties.swift"; sourceTree = "<group>"; };
		9A2C6A8D1C1FEBB500E710CF /* Version.swift */ = {isa = PBXFileReference; fileEncoding = 4; lastKnownFileType = sourcecode.swift; path = Version.swift; sourceTree = "<group>"; };
		9A2C6A8E1C1FEBB500E710CF /* Version+CoreDataProperties.swift */ = {isa = PBXFileReference; fileEncoding = 4; lastKnownFileType = sourcecode.swift; path = "Version+CoreDataProperties.swift"; sourceTree = "<group>"; };
		9A2C6A951C1FEC1200E710CF /* News.swift */ = {isa = PBXFileReference; fileEncoding = 4; lastKnownFileType = sourcecode.swift; path = News.swift; sourceTree = "<group>"; };
		9A2C6A961C1FEC1200E710CF /* News+CoreDataProperties.swift */ = {isa = PBXFileReference; fileEncoding = 4; lastKnownFileType = sourcecode.swift; path = "News+CoreDataProperties.swift"; sourceTree = "<group>"; };
		9A2C6A9D1C201B5500E710CF /* contactTableViewCell.swift */ = {isa = PBXFileReference; fileEncoding = 4; lastKnownFileType = sourcecode.swift; path = contactTableViewCell.swift; sourceTree = "<group>"; };
		9A2C6A9E1C201B5500E710CF /* contactTableViewCell.xib */ = {isa = PBXFileReference; fileEncoding = 4; lastKnownFileType = file.xib; path = contactTableViewCell.xib; sourceTree = "<group>"; };
		9A96CB771C1EADCC00EBA97E /* localNewsTableViewCell.swift */ = {isa = PBXFileReference; fileEncoding = 4; lastKnownFileType = sourcecode.swift; path = localNewsTableViewCell.swift; sourceTree = "<group>"; };
		9A96CB781C1EADCC00EBA97E /* localNewsTableViewCell.xib */ = {isa = PBXFileReference; fileEncoding = 4; lastKnownFileType = file.xib; path = localNewsTableViewCell.xib; sourceTree = "<group>"; };
		9A96CB7E1C1EB90600EBA97E /* howToTableViewCell.swift */ = {isa = PBXFileReference; fileEncoding = 4; lastKnownFileType = sourcecode.swift; path = howToTableViewCell.swift; sourceTree = "<group>"; };
		9A96CB7F1C1EB90600EBA97E /* howToTableViewCell.xib */ = {isa = PBXFileReference; fileEncoding = 4; lastKnownFileType = file.xib; path = howToTableViewCell.xib; sourceTree = "<group>"; };
		9A96CB821C1EBFFE00EBA97E /* mapCollectionViewCell.swift */ = {isa = PBXFileReference; fileEncoding = 4; lastKnownFileType = sourcecode.swift; path = mapCollectionViewCell.swift; sourceTree = "<group>"; };
		9A96CB831C1EBFFE00EBA97E /* mapCollectionViewCell.xib */ = {isa = PBXFileReference; fileEncoding = 4; lastKnownFileType = file.xib; path = mapCollectionViewCell.xib; sourceTree = "<group>"; };
		9ACCBC391C3CE420008F362F /* Howto+CoreDataProperties.swift */ = {isa = PBXFileReference; fileEncoding = 4; lastKnownFileType = sourcecode.swift; path = "Howto+CoreDataProperties.swift"; sourceTree = "<group>"; };
		9ACCBC3A1C3CE420008F362F /* Howto.swift */ = {isa = PBXFileReference; fileEncoding = 4; lastKnownFileType = sourcecode.swift; path = Howto.swift; sourceTree = "<group>"; };
		9ACCBC3B1C3CE420008F362F /* Map+CoreDataProperties.swift */ = {isa = PBXFileReference; fileEncoding = 4; lastKnownFileType = sourcecode.swift; path = "Map+CoreDataProperties.swift"; sourceTree = "<group>"; };
		9ACCBC3C1C3CE420008F362F /* Map.swift */ = {isa = PBXFileReference; fileEncoding = 4; lastKnownFileType = sourcecode.swift; path = Map.swift; sourceTree = "<group>"; };
		9AE9DE791C22A61400454B2E /* Kaoyai.xcdatamodel */ = {isa = PBXFileReference; lastKnownFileType = wrapper.xcdatamodel; path = Kaoyai.xcdatamodel; sourceTree = "<group>"; };
		DF3379781BF4E3E100A11711 /* AFHTTPRequestOperation.h */ = {isa = PBXFileReference; fileEncoding = 4; lastKnownFileType = sourcecode.c.h; path = AFHTTPRequestOperation.h; sourceTree = "<group>"; };
		DF3379791BF4E3E100A11711 /* AFHTTPRequestOperation.m */ = {isa = PBXFileReference; fileEncoding = 4; lastKnownFileType = sourcecode.c.objc; path = AFHTTPRequestOperation.m; sourceTree = "<group>"; };
		DF33797A1BF4E3E100A11711 /* AFHTTPRequestOperationManager.h */ = {isa = PBXFileReference; fileEncoding = 4; lastKnownFileType = sourcecode.c.h; path = AFHTTPRequestOperationManager.h; sourceTree = "<group>"; };
		DF33797B1BF4E3E100A11711 /* AFHTTPRequestOperationManager.m */ = {isa = PBXFileReference; fileEncoding = 4; lastKnownFileType = sourcecode.c.objc; path = AFHTTPRequestOperationManager.m; sourceTree = "<group>"; };
		DF33797C1BF4E3E100A11711 /* AFHTTPSessionManager.h */ = {isa = PBXFileReference; fileEncoding = 4; lastKnownFileType = sourcecode.c.h; path = AFHTTPSessionManager.h; sourceTree = "<group>"; };
		DF33797D1BF4E3E100A11711 /* AFHTTPSessionManager.m */ = {isa = PBXFileReference; fileEncoding = 4; lastKnownFileType = sourcecode.c.objc; path = AFHTTPSessionManager.m; sourceTree = "<group>"; };
		DF33797E1BF4E3E100A11711 /* AFNetworking.h */ = {isa = PBXFileReference; fileEncoding = 4; lastKnownFileType = sourcecode.c.h; path = AFNetworking.h; sourceTree = "<group>"; };
		DF33797F1BF4E3E100A11711 /* AFNetworkReachabilityManager.h */ = {isa = PBXFileReference; fileEncoding = 4; lastKnownFileType = sourcecode.c.h; path = AFNetworkReachabilityManager.h; sourceTree = "<group>"; };
		DF3379801BF4E3E100A11711 /* AFNetworkReachabilityManager.m */ = {isa = PBXFileReference; fileEncoding = 4; lastKnownFileType = sourcecode.c.objc; path = AFNetworkReachabilityManager.m; sourceTree = "<group>"; };
		DF3379811BF4E3E100A11711 /* AFSecurityPolicy.h */ = {isa = PBXFileReference; fileEncoding = 4; lastKnownFileType = sourcecode.c.h; path = AFSecurityPolicy.h; sourceTree = "<group>"; };
		DF3379821BF4E3E100A11711 /* AFSecurityPolicy.m */ = {isa = PBXFileReference; fileEncoding = 4; lastKnownFileType = sourcecode.c.objc; path = AFSecurityPolicy.m; sourceTree = "<group>"; };
		DF3379831BF4E3E100A11711 /* AFURLConnectionOperation.h */ = {isa = PBXFileReference; fileEncoding = 4; lastKnownFileType = sourcecode.c.h; path = AFURLConnectionOperation.h; sourceTree = "<group>"; };
		DF3379841BF4E3E100A11711 /* AFURLConnectionOperation.m */ = {isa = PBXFileReference; fileEncoding = 4; lastKnownFileType = sourcecode.c.objc; path = AFURLConnectionOperation.m; sourceTree = "<group>"; };
		DF3379851BF4E3E100A11711 /* AFURLRequestSerialization.h */ = {isa = PBXFileReference; fileEncoding = 4; lastKnownFileType = sourcecode.c.h; path = AFURLRequestSerialization.h; sourceTree = "<group>"; };
		DF3379861BF4E3E100A11711 /* AFURLRequestSerialization.m */ = {isa = PBXFileReference; fileEncoding = 4; lastKnownFileType = sourcecode.c.objc; path = AFURLRequestSerialization.m; sourceTree = "<group>"; };
		DF3379871BF4E3E100A11711 /* AFURLResponseSerialization.h */ = {isa = PBXFileReference; fileEncoding = 4; lastKnownFileType = sourcecode.c.h; path = AFURLResponseSerialization.h; sourceTree = "<group>"; };
		DF3379881BF4E3E100A11711 /* AFURLResponseSerialization.m */ = {isa = PBXFileReference; fileEncoding = 4; lastKnownFileType = sourcecode.c.objc; path = AFURLResponseSerialization.m; sourceTree = "<group>"; };
		DF3379891BF4E3E100A11711 /* AFURLSessionManager.h */ = {isa = PBXFileReference; fileEncoding = 4; lastKnownFileType = sourcecode.c.h; path = AFURLSessionManager.h; sourceTree = "<group>"; };
		DF33798A1BF4E3E100A11711 /* AFURLSessionManager.m */ = {isa = PBXFileReference; fileEncoding = 4; lastKnownFileType = sourcecode.c.objc; path = AFURLSessionManager.m; sourceTree = "<group>"; };
		DF33798C1BF4E3E100A11711 /* AFNetworkActivityIndicatorManager.h */ = {isa = PBXFileReference; fileEncoding = 4; lastKnownFileType = sourcecode.c.h; path = AFNetworkActivityIndicatorManager.h; sourceTree = "<group>"; };
		DF33798D1BF4E3E100A11711 /* AFNetworkActivityIndicatorManager.m */ = {isa = PBXFileReference; fileEncoding = 4; lastKnownFileType = sourcecode.c.objc; path = AFNetworkActivityIndicatorManager.m; sourceTree = "<group>"; };
		DF33798E1BF4E3E100A11711 /* UIActivityIndicatorView+AFNetworking.h */ = {isa = PBXFileReference; fileEncoding = 4; lastKnownFileType = sourcecode.c.h; path = "UIActivityIndicatorView+AFNetworking.h"; sourceTree = "<group>"; };
		DF33798F1BF4E3E100A11711 /* UIActivityIndicatorView+AFNetworking.m */ = {isa = PBXFileReference; fileEncoding = 4; lastKnownFileType = sourcecode.c.objc; path = "UIActivityIndicatorView+AFNetworking.m"; sourceTree = "<group>"; };
		DF3379901BF4E3E100A11711 /* UIAlertView+AFNetworking.h */ = {isa = PBXFileReference; fileEncoding = 4; lastKnownFileType = sourcecode.c.h; path = "UIAlertView+AFNetworking.h"; sourceTree = "<group>"; };
		DF3379911BF4E3E100A11711 /* UIAlertView+AFNetworking.m */ = {isa = PBXFileReference; fileEncoding = 4; lastKnownFileType = sourcecode.c.objc; path = "UIAlertView+AFNetworking.m"; sourceTree = "<group>"; };
		DF3379921BF4E3E100A11711 /* UIButton+AFNetworking.h */ = {isa = PBXFileReference; fileEncoding = 4; lastKnownFileType = sourcecode.c.h; path = "UIButton+AFNetworking.h"; sourceTree = "<group>"; };
		DF3379931BF4E3E100A11711 /* UIButton+AFNetworking.m */ = {isa = PBXFileReference; fileEncoding = 4; lastKnownFileType = sourcecode.c.objc; path = "UIButton+AFNetworking.m"; sourceTree = "<group>"; };
		DF3379941BF4E3E100A11711 /* UIImage+AFNetworking.h */ = {isa = PBXFileReference; fileEncoding = 4; lastKnownFileType = sourcecode.c.h; path = "UIImage+AFNetworking.h"; sourceTree = "<group>"; };
		DF3379951BF4E3E100A11711 /* UIImageView+AFNetworking.h */ = {isa = PBXFileReference; fileEncoding = 4; lastKnownFileType = sourcecode.c.h; path = "UIImageView+AFNetworking.h"; sourceTree = "<group>"; };
		DF3379961BF4E3E100A11711 /* UIImageView+AFNetworking.m */ = {isa = PBXFileReference; fileEncoding = 4; lastKnownFileType = sourcecode.c.objc; path = "UIImageView+AFNetworking.m"; sourceTree = "<group>"; };
		DF3379971BF4E3E100A11711 /* UIKit+AFNetworking.h */ = {isa = PBXFileReference; fileEncoding = 4; lastKnownFileType = sourcecode.c.h; path = "UIKit+AFNetworking.h"; sourceTree = "<group>"; };
		DF3379981BF4E3E100A11711 /* UIProgressView+AFNetworking.h */ = {isa = PBXFileReference; fileEncoding = 4; lastKnownFileType = sourcecode.c.h; path = "UIProgressView+AFNetworking.h"; sourceTree = "<group>"; };
		DF3379991BF4E3E100A11711 /* UIProgressView+AFNetworking.m */ = {isa = PBXFileReference; fileEncoding = 4; lastKnownFileType = sourcecode.c.objc; path = "UIProgressView+AFNetworking.m"; sourceTree = "<group>"; };
		DF33799A1BF4E3E100A11711 /* UIRefreshControl+AFNetworking.h */ = {isa = PBXFileReference; fileEncoding = 4; lastKnownFileType = sourcecode.c.h; path = "UIRefreshControl+AFNetworking.h"; sourceTree = "<group>"; };
		DF33799B1BF4E3E100A11711 /* UIRefreshControl+AFNetworking.m */ = {isa = PBXFileReference; fileEncoding = 4; lastKnownFileType = sourcecode.c.objc; path = "UIRefreshControl+AFNetworking.m"; sourceTree = "<group>"; };
		DF33799C1BF4E3E100A11711 /* UIWebView+AFNetworking.h */ = {isa = PBXFileReference; fileEncoding = 4; lastKnownFileType = sourcecode.c.h; path = "UIWebView+AFNetworking.h"; sourceTree = "<group>"; };
		DF33799D1BF4E3E100A11711 /* UIWebView+AFNetworking.m */ = {isa = PBXFileReference; fileEncoding = 4; lastKnownFileType = sourcecode.c.objc; path = "UIWebView+AFNetworking.m"; sourceTree = "<group>"; };
		DF3379AF1BF4E52C00A11711 /* howtoView.swift */ = {isa = PBXFileReference; fileEncoding = 4; lastKnownFileType = sourcecode.swift; path = howtoView.swift; sourceTree = "<group>"; };
		DF3379B11BF4E53D00A11711 /* mapView.swift */ = {isa = PBXFileReference; fileEncoding = 4; lastKnownFileType = sourcecode.swift; path = mapView.swift; sourceTree = "<group>"; };
		DF3379B31BF4E54B00A11711 /* contactView.swift */ = {isa = PBXFileReference; fileEncoding = 4; lastKnownFileType = sourcecode.swift; path = contactView.swift; sourceTree = "<group>"; };
		DF3379B51BF4E55400A11711 /* aboutView.swift */ = {isa = PBXFileReference; fileEncoding = 4; lastKnownFileType = sourcecode.swift; path = aboutView.swift; sourceTree = "<group>"; wrapsLines = 0; };
		DF3379B71BF4E57500A11711 /* mapDetailView.swift */ = {isa = PBXFileReference; fileEncoding = 4; lastKnownFileType = sourcecode.swift; path = mapDetailView.swift; sourceTree = "<group>"; };
		DF3379B91BF4E58600A11711 /* howtoDetailView.swift */ = {isa = PBXFileReference; fileEncoding = 4; lastKnownFileType = sourcecode.swift; path = howtoDetailView.swift; sourceTree = "<group>"; };
		DF39E8B11C1B1B3800E6EDC5 /* dbConnector.swift */ = {isa = PBXFileReference; fileEncoding = 4; lastKnownFileType = sourcecode.swift; path = dbConnector.swift; sourceTree = "<group>"; };
		DF49DA6A1BFA1E54005865BC /* Bridging.h */ = {isa = PBXFileReference; lastKnownFileType = sourcecode.c.h; name = Bridging.h; path = ../Bridging.h; sourceTree = "<group>"; };
		DF5A84FD1C17C6AF002F89F3 /* config.swift */ = {isa = PBXFileReference; fileEncoding = 4; lastKnownFileType = sourcecode.swift; path = config.swift; sourceTree = "<group>"; };
		DF8ABD921C3D2B51002710AF /* UIView+Toast.h */ = {isa = PBXFileReference; fileEncoding = 4; lastKnownFileType = sourcecode.c.h; path = "UIView+Toast.h"; sourceTree = "<group>"; };
		DF8ABD931C3D2B51002710AF /* UIView+Toast.m */ = {isa = PBXFileReference; fileEncoding = 4; lastKnownFileType = sourcecode.c.objc; path = "UIView+Toast.m"; sourceTree = "<group>"; };
		DFE871891BDF3355003BE1F3 /* Khaoyai.app */ = {isa = PBXFileReference; explicitFileType = wrapper.application; includeInIndex = 0; path = Khaoyai.app; sourceTree = BUILT_PRODUCTS_DIR; };
		DFE8718C1BDF3355003BE1F3 /* AppDelegate.swift */ = {isa = PBXFileReference; lastKnownFileType = sourcecode.swift; path = AppDelegate.swift; sourceTree = "<group>"; };
		DFE8718E1BDF3355003BE1F3 /* homeView.swift */ = {isa = PBXFileReference; lastKnownFileType = sourcecode.swift; path = homeView.swift; sourceTree = "<group>"; };
		DFE871911BDF3355003BE1F3 /* Base */ = {isa = PBXFileReference; lastKnownFileType = file.storyboard; name = Base; path = Base.lproj/Main.storyboard; sourceTree = "<group>"; };
		DFE871961BDF3355003BE1F3 /* Assets.xcassets */ = {isa = PBXFileReference; lastKnownFileType = folder.assetcatalog; path = Assets.xcassets; sourceTree = "<group>"; };
		DFE871991BDF3355003BE1F3 /* Base */ = {isa = PBXFileReference; lastKnownFileType = file.storyboard; name = Base; path = Base.lproj/LaunchScreen.storyboard; sourceTree = "<group>"; };
		DFE8719B1BDF3355003BE1F3 /* Info.plist */ = {isa = PBXFileReference; lastKnownFileType = text.plist.xml; path = Info.plist; sourceTree = "<group>"; };
		DFE871A01BDF3355003BE1F3 /* Khaoyai.xctest */ = {isa = PBXFileReference; explicitFileType = wrapper.cfbundle; includeInIndex = 0; path = Khaoyai.xctest; sourceTree = BUILT_PRODUCTS_DIR; };
		DFE871A41BDF3355003BE1F3 /* KaoyaiTests.swift */ = {isa = PBXFileReference; lastKnownFileType = sourcecode.swift; path = KaoyaiTests.swift; sourceTree = "<group>"; };
		DFE871A61BDF3355003BE1F3 /* Info.plist */ = {isa = PBXFileReference; lastKnownFileType = text.plist.xml; path = Info.plist; sourceTree = "<group>"; };
		DFE871AB1BDF3355003BE1F3 /* Khaoyai.xctest */ = {isa = PBXFileReference; explicitFileType = wrapper.cfbundle; includeInIndex = 0; path = Khaoyai.xctest; sourceTree = BUILT_PRODUCTS_DIR; };
		DFE871AF1BDF3355003BE1F3 /* KaoyaiUITests.swift */ = {isa = PBXFileReference; lastKnownFileType = sourcecode.swift; path = KaoyaiUITests.swift; sourceTree = "<group>"; };
		DFE871B11BDF3355003BE1F3 /* Info.plist */ = {isa = PBXFileReference; lastKnownFileType = text.plist.xml; path = Info.plist; sourceTree = "<group>"; };
/* End PBXFileReference section */

/* Begin PBXFrameworksBuildPhase section */
		DFE871861BDF3355003BE1F3 /* Frameworks */ = {
			isa = PBXFrameworksBuildPhase;
			buildActionMask = 2147483647;
			files = (
				9A037D961C2B98AB0076AE99 /* WebKit.framework in Frameworks */,
				9A037D941C2B98890076AE99 /* CoreTelephony.framework in Frameworks */,
				9A037D8A1C2B8B660076AE99 /* libsqlite3.tbd in Frameworks */,
				9A037D881C2B8B560076AE99 /* libz.tbd in Frameworks */,
				9A037D861C2B8B490076AE99 /* SystemConfiguration.framework in Frameworks */,
				9A037D981C2B98D80076AE99 /* SplunkMint.framework in Frameworks */,
				9A037D901C2B8F030076AE99 /* libGoogleAnalyticsServices.a in Frameworks */,
				9A037D841C2B8B1C0076AE99 /* CoreData.framework in Frameworks */,
			);
			runOnlyForDeploymentPostprocessing = 0;
		};
		DFE8719D1BDF3355003BE1F3 /* Frameworks */ = {
			isa = PBXFrameworksBuildPhase;
			buildActionMask = 2147483647;
			files = (
			);
			runOnlyForDeploymentPostprocessing = 0;
		};
		DFE871A81BDF3355003BE1F3 /* Frameworks */ = {
			isa = PBXFrameworksBuildPhase;
			buildActionMask = 2147483647;
			files = (
			);
			runOnlyForDeploymentPostprocessing = 0;
		};
/* End PBXFrameworksBuildPhase section */

/* Begin PBXGroup section */
		9A037D781C2B88380076AE99 /* GoogleAnalytics */ = {
			isa = PBXGroup;
			children = (
				9A037D791C2B88380076AE99 /* GAI.h */,
				9A037D7A1C2B88380076AE99 /* GAIDictionaryBuilder.h */,
				9A037D7B1C2B88380076AE99 /* GAIEcommerceFields.h */,
				9A037D7C1C2B88380076AE99 /* GAIEcommerceProduct.h */,
				9A037D7D1C2B88380076AE99 /* GAIEcommerceProductAction.h */,
				9A037D7E1C2B88380076AE99 /* GAIEcommercePromotion.h */,
				9A037D7F1C2B88380076AE99 /* GAIFields.h */,
				9A037D801C2B88380076AE99 /* GAILogger.h */,
				9A037D811C2B88380076AE99 /* GAITrackedViewController.h */,
				9A037D821C2B88380076AE99 /* GAITracker.h */,
			);
			path = GoogleAnalytics;
			sourceTree = "<group>";
		};
		9A0744331C2CD56B0024EC01 /* GradientProgress */ = {
			isa = PBXGroup;
			children = (
				9A0744341C2CD56B0024EC01 /* ArcView.swift */,
				9A0744351C2CD56B0024EC01 /* Background.swift */,
				9A0744361C2CD56B0024EC01 /* BaseWindow.swift */,
				9A0744371C2CD56B0024EC01 /* BlueDarkStyle.swift */,
				9A0744381C2CD56B0024EC01 /* BlueIndicatorStyle.swift */,
				9A0744391C2CD56B0024EC01 /* CircularProgressView.swift */,
				9A07443A1C2CD56B0024EC01 /* ColorUtil.swift */,
				9A07443B1C2CD56B0024EC01 /* GradientArcView.swift */,
				9A07443C1C2CD56B0024EC01 /* GradientArcWithClearColorView.swift */,
				9A07443D1C2CD56B0024EC01 /* GradientCircularProgress.h */,
				9A07443E1C2CD56B0024EC01 /* GradientCircularProgress.swift */,
				9A07443F1C2CD56B0024EC01 /* GreenLightStyle.swift */,
				9A0744401C2CD56B0024EC01 /* Info.plist */,
				9A0744411C2CD56B0024EC01 /* OrangeClearStyle.swift */,
				9A0744421C2CD56B0024EC01 /* ProgressAtRatioView.swift */,
				9A0744431C2CD56B0024EC01 /* ProgressViewController.swift */,
				9A0744441C2CD56B0024EC01 /* Property.swift */,
				9A0744451C2CD56B0024EC01 /* Style.swift */,
			);
			path = GradientProgress;
			sourceTree = "<group>";
		};
		DF3379761BF4E38F00A11711 /* Framework */ = {
			isa = PBXGroup;
			children = (
				DF8ABD911C3D2B51002710AF /* Toast */,
				9A0744331C2CD56B0024EC01 /* GradientProgress */,
				9A037D971C2B98D80076AE99 /* SplunkMint.framework */,
				9A037D8F1C2B8F030076AE99 /* libGoogleAnalyticsServices.a */,
				9A037D891C2B8B660076AE99 /* libsqlite3.tbd */,
				9A037D871C2B8B560076AE99 /* libz.tbd */,
				9A037D851C2B8B490076AE99 /* SystemConfiguration.framework */,
				9A037D831C2B8B1C0076AE99 /* CoreData.framework */,
				9A037D781C2B88380076AE99 /* GoogleAnalytics */,
				DF3379771BF4E3E100A11711 /* AFNetworking */,
				DF33798B1BF4E3E100A11711 /* UIKit+AFNetworking */,
			);
			name = Framework;
			sourceTree = "<group>";
		};
		DF3379771BF4E3E100A11711 /* AFNetworking */ = {
			isa = PBXGroup;
			children = (
				DF3379781BF4E3E100A11711 /* AFHTTPRequestOperation.h */,
				DF3379791BF4E3E100A11711 /* AFHTTPRequestOperation.m */,
				DF33797A1BF4E3E100A11711 /* AFHTTPRequestOperationManager.h */,
				DF33797B1BF4E3E100A11711 /* AFHTTPRequestOperationManager.m */,
				DF33797C1BF4E3E100A11711 /* AFHTTPSessionManager.h */,
				DF33797D1BF4E3E100A11711 /* AFHTTPSessionManager.m */,
				DF33797E1BF4E3E100A11711 /* AFNetworking.h */,
				DF33797F1BF4E3E100A11711 /* AFNetworkReachabilityManager.h */,
				DF3379801BF4E3E100A11711 /* AFNetworkReachabilityManager.m */,
				DF3379811BF4E3E100A11711 /* AFSecurityPolicy.h */,
				DF3379821BF4E3E100A11711 /* AFSecurityPolicy.m */,
				DF3379831BF4E3E100A11711 /* AFURLConnectionOperation.h */,
				DF3379841BF4E3E100A11711 /* AFURLConnectionOperation.m */,
				DF3379851BF4E3E100A11711 /* AFURLRequestSerialization.h */,
				DF3379861BF4E3E100A11711 /* AFURLRequestSerialization.m */,
				DF3379871BF4E3E100A11711 /* AFURLResponseSerialization.h */,
				DF3379881BF4E3E100A11711 /* AFURLResponseSerialization.m */,
				DF3379891BF4E3E100A11711 /* AFURLSessionManager.h */,
				DF33798A1BF4E3E100A11711 /* AFURLSessionManager.m */,
			);
			path = AFNetworking;
			sourceTree = "<group>";
		};
		DF33798B1BF4E3E100A11711 /* UIKit+AFNetworking */ = {
			isa = PBXGroup;
			children = (
				DF33798C1BF4E3E100A11711 /* AFNetworkActivityIndicatorManager.h */,
				DF33798D1BF4E3E100A11711 /* AFNetworkActivityIndicatorManager.m */,
				DF33798E1BF4E3E100A11711 /* UIActivityIndicatorView+AFNetworking.h */,
				DF33798F1BF4E3E100A11711 /* UIActivityIndicatorView+AFNetworking.m */,
				DF3379901BF4E3E100A11711 /* UIAlertView+AFNetworking.h */,
				DF3379911BF4E3E100A11711 /* UIAlertView+AFNetworking.m */,
				DF3379921BF4E3E100A11711 /* UIButton+AFNetworking.h */,
				DF3379931BF4E3E100A11711 /* UIButton+AFNetworking.m */,
				DF3379941BF4E3E100A11711 /* UIImage+AFNetworking.h */,
				DF3379951BF4E3E100A11711 /* UIImageView+AFNetworking.h */,
				DF3379961BF4E3E100A11711 /* UIImageView+AFNetworking.m */,
				DF3379971BF4E3E100A11711 /* UIKit+AFNetworking.h */,
				DF3379981BF4E3E100A11711 /* UIProgressView+AFNetworking.h */,
				DF3379991BF4E3E100A11711 /* UIProgressView+AFNetworking.m */,
				DF33799A1BF4E3E100A11711 /* UIRefreshControl+AFNetworking.h */,
				DF33799B1BF4E3E100A11711 /* UIRefreshControl+AFNetworking.m */,
				DF33799C1BF4E3E100A11711 /* UIWebView+AFNetworking.h */,
				DF33799D1BF4E3E100A11711 /* UIWebView+AFNetworking.m */,
			);
			path = "UIKit+AFNetworking";
			sourceTree = "<group>";
		};
		DF8ABD911C3D2B51002710AF /* Toast */ = {
			isa = PBXGroup;
			children = (
				DF8ABD921C3D2B51002710AF /* UIView+Toast.h */,
				DF8ABD931C3D2B51002710AF /* UIView+Toast.m */,
			);
			path = Toast;
			sourceTree = "<group>";
		};
		DFE871801BDF3355003BE1F3 = {
			isa = PBXGroup;
			children = (
				9A037D951C2B98AB0076AE99 /* WebKit.framework */,
				9A037D931C2B98890076AE99 /* CoreTelephony.framework */,
				DFE8718B1BDF3355003BE1F3 /* Kaoyai */,
				9AE9DE781C22A61400454B2E /* Kaoyai.xcdatamodeld */,
				DFE871A31BDF3355003BE1F3 /* KaoyaiTests */,
				DFE871AE1BDF3355003BE1F3 /* KaoyaiUITests */,
				DFE8718A1BDF3355003BE1F3 /* Products */,
			);
			sourceTree = "<group>";
		};
		DFE8718A1BDF3355003BE1F3 /* Products */ = {
			isa = PBXGroup;
			children = (
				DFE871891BDF3355003BE1F3 /* Khaoyai.app */,
				DFE871A01BDF3355003BE1F3 /* Khaoyai.xctest */,
				DFE871AB1BDF3355003BE1F3 /* Khaoyai.xctest */,
			);
			name = Products;
			sourceTree = "<group>";
		};
		DFE8718B1BDF3355003BE1F3 /* Kaoyai */ = {
			isa = PBXGroup;
			children = (
				DF3379761BF4E38F00A11711 /* Framework */,
				DFE871BF1BDF33ED003BE1F3 /* Controller */,
				DFE871BE1BDF33E4003BE1F3 /* View */,
				DFE871BD1BDF33D8003BE1F3 /* Model */,
				DFE8718C1BDF3355003BE1F3 /* AppDelegate.swift */,
				DF49DA6A1BFA1E54005865BC /* Bridging.h */,
				DFE871901BDF3355003BE1F3 /* Main.storyboard */,
				DFE871961BDF3355003BE1F3 /* Assets.xcassets */,
				DFE871981BDF3355003BE1F3 /* LaunchScreen.storyboard */,
				DFE8719B1BDF3355003BE1F3 /* Info.plist */,
			);
			path = Kaoyai;
			sourceTree = "<group>";
		};
		DFE871A31BDF3355003BE1F3 /* KaoyaiTests */ = {
			isa = PBXGroup;
			children = (
				DFE871A41BDF3355003BE1F3 /* KaoyaiTests.swift */,
				DFE871A61BDF3355003BE1F3 /* Info.plist */,
			);
			path = KaoyaiTests;
			sourceTree = "<group>";
		};
		DFE871AE1BDF3355003BE1F3 /* KaoyaiUITests */ = {
			isa = PBXGroup;
			children = (
				DFE871AF1BDF3355003BE1F3 /* KaoyaiUITests.swift */,
				DFE871B11BDF3355003BE1F3 /* Info.plist */,
			);
			path = KaoyaiUITests;
			sourceTree = "<group>";
		};
		DFE871BD1BDF33D8003BE1F3 /* Model */ = {
			isa = PBXGroup;
			children = (
				9ACCBC391C3CE420008F362F /* Howto+CoreDataProperties.swift */,
				9ACCBC3A1C3CE420008F362F /* Howto.swift */,
				9ACCBC3B1C3CE420008F362F /* Map+CoreDataProperties.swift */,
				9ACCBC3C1C3CE420008F362F /* Map.swift */,
				9A2C6A8D1C1FEBB500E710CF /* Version.swift */,
				9A2C6A8E1C1FEBB500E710CF /* Version+CoreDataProperties.swift */,
				9A2C6A821C1FEB3700E710CF /* Home.swift */,
				9A2C6A831C1FEB3700E710CF /* Home+CoreDataProperties.swift */,
				9A2C6A7C1C1FEB1000E710CF /* Contact.swift */,
				9A2C6A7D1C1FEB1000E710CF /* Contact+CoreDataProperties.swift */,
				9A2C6A951C1FEC1200E710CF /* News.swift */,
				9A2C6A961C1FEC1200E710CF /* News+CoreDataProperties.swift */,
			);
			name = Model;
			sourceTree = "<group>";
		};
		DFE871BE1BDF33E4003BE1F3 /* View */ = {
			isa = PBXGroup;
			children = (
				DFE8718E1BDF3355003BE1F3 /* homeView.swift */,
				DF3379AF1BF4E52C00A11711 /* howtoView.swift */,
				DF3379B11BF4E53D00A11711 /* mapView.swift */,
				DF3379B31BF4E54B00A11711 /* contactView.swift */,
				DF3379B51BF4E55400A11711 /* aboutView.swift */,
				DF3379B71BF4E57500A11711 /* mapDetailView.swift */,
				DF3379B91BF4E58600A11711 /* howtoDetailView.swift */,
				9A96CB771C1EADCC00EBA97E /* localNewsTableViewCell.swift */,
				9A96CB781C1EADCC00EBA97E /* localNewsTableViewCell.xib */,
				9A96CB7E1C1EB90600EBA97E /* howToTableViewCell.swift */,
				9A96CB7F1C1EB90600EBA97E /* howToTableViewCell.xib */,
				9A96CB821C1EBFFE00EBA97E /* mapCollectionViewCell.swift */,
				9A96CB831C1EBFFE00EBA97E /* mapCollectionViewCell.xib */,
				9A2C6A9D1C201B5500E710CF /* contactTableViewCell.swift */,
				9A2C6A9E1C201B5500E710CF /* contactTableViewCell.xib */,
			);
			name = View;
			sourceTree = "<group>";
		};
		DFE871BF1BDF33ED003BE1F3 /* Controller */ = {
			isa = PBXGroup;
			children = (
				9A0611571C2A4FC600DA50A5 /* apiLoader.swift */,
				DF5A84FD1C17C6AF002F89F3 /* config.swift */,
				DF39E8B11C1B1B3800E6EDC5 /* dbConnector.swift */,
				9A0744311C2CD5420024EC01 /* coreDataController.swift */,
			);
			name = Controller;
			sourceTree = "<group>";
		};
/* End PBXGroup section */

/* Begin PBXNativeTarget section */
		DFE871881BDF3355003BE1F3 /* Khaoyai */ = {
			isa = PBXNativeTarget;
			buildConfigurationList = DFE871B41BDF3355003BE1F3 /* Build configuration list for PBXNativeTarget "Khaoyai" */;
			buildPhases = (
				DFE871851BDF3355003BE1F3 /* Sources */,
				DFE871861BDF3355003BE1F3 /* Frameworks */,
				DFE871871BDF3355003BE1F3 /* Resources */,
			);
			buildRules = (
			);
			dependencies = (
			);
			name = Khaoyai;
			productName = Kaoyai;
			productReference = DFE871891BDF3355003BE1F3 /* Khaoyai.app */;
			productType = "com.apple.product-type.application";
		};
		DFE8719F1BDF3355003BE1F3 /* KhaoyaiTests */ = {
			isa = PBXNativeTarget;
			buildConfigurationList = DFE871B71BDF3355003BE1F3 /* Build configuration list for PBXNativeTarget "KhaoyaiTests" */;
			buildPhases = (
				DFE8719C1BDF3355003BE1F3 /* Sources */,
				DFE8719D1BDF3355003BE1F3 /* Frameworks */,
				DFE8719E1BDF3355003BE1F3 /* Resources */,
			);
			buildRules = (
			);
			dependencies = (
				DFE871A21BDF3355003BE1F3 /* PBXTargetDependency */,
			);
			name = KhaoyaiTests;
			productName = KaoyaiTests;
			productReference = DFE871A01BDF3355003BE1F3 /* Khaoyai.xctest */;
			productType = "com.apple.product-type.bundle.unit-test";
		};
		DFE871AA1BDF3355003BE1F3 /* KhaoyaiUITests */ = {
			isa = PBXNativeTarget;
			buildConfigurationList = DFE871BA1BDF3355003BE1F3 /* Build configuration list for PBXNativeTarget "KhaoyaiUITests" */;
			buildPhases = (
				DFE871A71BDF3355003BE1F3 /* Sources */,
				DFE871A81BDF3355003BE1F3 /* Frameworks */,
				DFE871A91BDF3355003BE1F3 /* Resources */,
			);
			buildRules = (
			);
			dependencies = (
				DFE871AD1BDF3355003BE1F3 /* PBXTargetDependency */,
			);
			name = KhaoyaiUITests;
			productName = KaoyaiUITests;
			productReference = DFE871AB1BDF3355003BE1F3 /* Khaoyai.xctest */;
			productType = "com.apple.product-type.bundle.ui-testing";
		};
/* End PBXNativeTarget section */

/* Begin PBXProject section */
		DFE871811BDF3355003BE1F3 /* Project object */ = {
			isa = PBXProject;
			attributes = {
				LastSwiftUpdateCheck = 0710;
				LastUpgradeCheck = 0710;
				ORGANIZATIONNAME = "Amorn Apichattanakul";
				TargetAttributes = {
					DFE871881BDF3355003BE1F3 = {
						CreatedOnToolsVersion = 7.1;
						DevelopmentTeam = 6Y4X42L9XL;
					};
					DFE8719F1BDF3355003BE1F3 = {
						CreatedOnToolsVersion = 7.1;
						TestTargetID = DFE871881BDF3355003BE1F3;
					};
					DFE871AA1BDF3355003BE1F3 = {
						CreatedOnToolsVersion = 7.1;
						TestTargetID = DFE871881BDF3355003BE1F3;
					};
				};
			};
			buildConfigurationList = DFE871841BDF3355003BE1F3 /* Build configuration list for PBXProject "Khaoyai" */;
			compatibilityVersion = "Xcode 3.2";
			developmentRegion = English;
			hasScannedForEncodings = 0;
			knownRegions = (
				en,
				Base,
			);
			mainGroup = DFE871801BDF3355003BE1F3;
			productRefGroup = DFE8718A1BDF3355003BE1F3 /* Products */;
			projectDirPath = "";
			projectRoot = "";
			targets = (
				DFE871881BDF3355003BE1F3 /* Khaoyai */,
				DFE8719F1BDF3355003BE1F3 /* KhaoyaiTests */,
				DFE871AA1BDF3355003BE1F3 /* KhaoyaiUITests */,
			);
		};
/* End PBXProject section */

/* Begin PBXResourcesBuildPhase section */
		DFE871871BDF3355003BE1F3 /* Resources */ = {
			isa = PBXResourcesBuildPhase;
			buildActionMask = 2147483647;
			files = (
				9A0744511C2CD56B0024EC01 /* Info.plist in Resources */,
				DFE8719A1BDF3355003BE1F3 /* LaunchScreen.storyboard in Resources */,
				DFE871971BDF3355003BE1F3 /* Assets.xcassets in Resources */,
				9A96CB7A1C1EADCC00EBA97E /* localNewsTableViewCell.xib in Resources */,
				9A96CB851C1EBFFE00EBA97E /* mapCollectionViewCell.xib in Resources */,
				9A2C6AA01C201B5500E710CF /* contactTableViewCell.xib in Resources */,
				9A96CB811C1EB90600EBA97E /* howToTableViewCell.xib in Resources */,
				DFE871921BDF3355003BE1F3 /* Main.storyboard in Resources */,
			);
			runOnlyForDeploymentPostprocessing = 0;
		};
		DFE8719E1BDF3355003BE1F3 /* Resources */ = {
			isa = PBXResourcesBuildPhase;
			buildActionMask = 2147483647;
			files = (
			);
			runOnlyForDeploymentPostprocessing = 0;
		};
		DFE871A91BDF3355003BE1F3 /* Resources */ = {
			isa = PBXResourcesBuildPhase;
			buildActionMask = 2147483647;
			files = (
			);
			runOnlyForDeploymentPostprocessing = 0;
		};
/* End PBXResourcesBuildPhase section */

/* Begin PBXSourcesBuildPhase section */
		DFE871851BDF3355003BE1F3 /* Sources */ = {
			isa = PBXSourcesBuildPhase;
			buildActionMask = 2147483647;
			files = (
				DF3379B81BF4E57500A11711 /* mapDetailView.swift in Sources */,
				9A0744521C2CD56B0024EC01 /* OrangeClearStyle.swift in Sources */,
				DF33799E1BF4E3E100A11711 /* AFHTTPRequestOperation.m in Sources */,
				9ACCBC3F1C3CE420008F362F /* Map+CoreDataProperties.swift in Sources */,
				9A0744321C2CD5420024EC01 /* coreDataController.swift in Sources */,
				9A96CB791C1EADCC00EBA97E /* localNewsTableViewCell.swift in Sources */,
				DF3379AB1BF4E3E100A11711 /* UIImageView+AFNetworking.m in Sources */,
				9A2C6A8F1C1FEBB500E710CF /* Version.swift in Sources */,
				9ACCBC3E1C3CE420008F362F /* Howto.swift in Sources */,
				9A2C6A901C1FEBB500E710CF /* Version+CoreDataProperties.swift in Sources */,
				9A2C6A9F1C201B5500E710CF /* contactTableViewCell.swift in Sources */,
				9A2C6A971C1FEC1200E710CF /* News.swift in Sources */,
				9A07444F1C2CD56B0024EC01 /* GradientCircularProgress.swift in Sources */,
				DF3379B01BF4E52C00A11711 /* howtoView.swift in Sources */,
				DF33799F1BF4E3E100A11711 /* AFHTTPRequestOperationManager.m in Sources */,
				9A0744471C2CD56B0024EC01 /* Background.swift in Sources */,
				DF3379AC1BF4E3E100A11711 /* UIProgressView+AFNetworking.m in Sources */,
				9A0744541C2CD56B0024EC01 /* ProgressViewController.swift in Sources */,
				DF8ABD941C3D2B51002710AF /* UIView+Toast.m in Sources */,
				9AE9DE7A1C22A61400454B2E /* Kaoyai.xcdatamodeld in Sources */,
				9A0611581C2A4FC600DA50A5 /* apiLoader.swift in Sources */,
				DF3379A11BF4E3E100A11711 /* AFNetworkReachabilityManager.m in Sources */,
				9A2C6A7E1C1FEB1000E710CF /* Contact.swift in Sources */,
				9ACCBC401C3CE420008F362F /* Map.swift in Sources */,
				DF3379A51BF4E3E100A11711 /* AFURLResponseSerialization.m in Sources */,
				9A2C6A871C1FEB3700E710CF /* Home+CoreDataProperties.swift in Sources */,
				9A07444D1C2CD56B0024EC01 /* GradientArcView.swift in Sources */,
				DF3379A31BF4E3E100A11711 /* AFURLConnectionOperation.m in Sources */,
				9A0744501C2CD56B0024EC01 /* GreenLightStyle.swift in Sources */,
				9A07444A1C2CD56B0024EC01 /* BlueIndicatorStyle.swift in Sources */,
				DF3379AA1BF4E3E100A11711 /* UIButton+AFNetworking.m in Sources */,
				DF3379A81BF4E3E100A11711 /* UIActivityIndicatorView+AFNetworking.m in Sources */,
				9A2C6A981C1FEC1200E710CF /* News+CoreDataProperties.swift in Sources */,
				9A2C6A7F1C1FEB1000E710CF /* Contact+CoreDataProperties.swift in Sources */,
				9A0744491C2CD56B0024EC01 /* BlueDarkStyle.swift in Sources */,
				DF3379B21BF4E53D00A11711 /* mapView.swift in Sources */,
				9A0744461C2CD56B0024EC01 /* ArcView.swift in Sources */,
				DF3379A21BF4E3E100A11711 /* AFSecurityPolicy.m in Sources */,
				DF3379AD1BF4E3E100A11711 /* UIRefreshControl+AFNetworking.m in Sources */,
				9A2C6A861C1FEB3700E710CF /* Home.swift in Sources */,
				DF3379AE1BF4E3E100A11711 /* UIWebView+AFNetworking.m in Sources */,
				9A07444E1C2CD56B0024EC01 /* GradientArcWithClearColorView.swift in Sources */,
				DF3379A01BF4E3E100A11711 /* AFHTTPSessionManager.m in Sources */,
				DF3379B61BF4E55400A11711 /* aboutView.swift in Sources */,
				DF3379A91BF4E3E100A11711 /* UIAlertView+AFNetworking.m in Sources */,
				DF3379BA1BF4E58600A11711 /* howtoDetailView.swift in Sources */,
				DF39E8B21C1B1B3800E6EDC5 /* dbConnector.swift in Sources */,
				9A0744531C2CD56B0024EC01 /* ProgressAtRatioView.swift in Sources */,
				9A0744481C2CD56B0024EC01 /* BaseWindow.swift in Sources */,
				9A0744551C2CD56B0024EC01 /* Property.swift in Sources */,
				DF3379A41BF4E3E100A11711 /* AFURLRequestSerialization.m in Sources */,
				DF3379A71BF4E3E100A11711 /* AFNetworkActivityIndicatorManager.m in Sources */,
				9A0744561C2CD56B0024EC01 /* Style.swift in Sources */,
				DF3379A61BF4E3E100A11711 /* AFURLSessionManager.m in Sources */,
				9A96CB801C1EB90600EBA97E /* howToTableViewCell.swift in Sources */,
				9ACCBC3D1C3CE420008F362F /* Howto+CoreDataProperties.swift in Sources */,
				9A96CB841C1EBFFE00EBA97E /* mapCollectionViewCell.swift in Sources */,
				DFE8718F1BDF3355003BE1F3 /* homeView.swift in Sources */,
				DF5A84FE1C17C6AF002F89F3 /* config.swift in Sources */,
				DF3379B41BF4E54B00A11711 /* contactView.swift in Sources */,
				9A07444B1C2CD56B0024EC01 /* CircularProgressView.swift in Sources */,
				9A07444C1C2CD56B0024EC01 /* ColorUtil.swift in Sources */,
				DFE8718D1BDF3355003BE1F3 /* AppDelegate.swift in Sources */,
			);
			runOnlyForDeploymentPostprocessing = 0;
		};
		DFE8719C1BDF3355003BE1F3 /* Sources */ = {
			isa = PBXSourcesBuildPhase;
			buildActionMask = 2147483647;
			files = (
				DFE871A51BDF3355003BE1F3 /* KaoyaiTests.swift in Sources */,
			);
			runOnlyForDeploymentPostprocessing = 0;
		};
		DFE871A71BDF3355003BE1F3 /* Sources */ = {
			isa = PBXSourcesBuildPhase;
			buildActionMask = 2147483647;
			files = (
				DFE871B01BDF3355003BE1F3 /* KaoyaiUITests.swift in Sources */,
			);
			runOnlyForDeploymentPostprocessing = 0;
		};
/* End PBXSourcesBuildPhase section */

/* Begin PBXTargetDependency section */
		DFE871A21BDF3355003BE1F3 /* PBXTargetDependency */ = {
			isa = PBXTargetDependency;
			target = DFE871881BDF3355003BE1F3 /* Khaoyai */;
			targetProxy = DFE871A11BDF3355003BE1F3 /* PBXContainerItemProxy */;
		};
		DFE871AD1BDF3355003BE1F3 /* PBXTargetDependency */ = {
			isa = PBXTargetDependency;
			target = DFE871881BDF3355003BE1F3 /* Khaoyai */;
			targetProxy = DFE871AC1BDF3355003BE1F3 /* PBXContainerItemProxy */;
		};
/* End PBXTargetDependency section */

/* Begin PBXVariantGroup section */
		DFE871901BDF3355003BE1F3 /* Main.storyboard */ = {
			isa = PBXVariantGroup;
			children = (
				DFE871911BDF3355003BE1F3 /* Base */,
				9A0744581C2CF49B0024EC01 /* en */,
				9A0744591C2CF4F30024EC01 /* th */,
			);
			name = Main.storyboard;
			sourceTree = "<group>";
		};
		DFE871981BDF3355003BE1F3 /* LaunchScreen.storyboard */ = {
			isa = PBXVariantGroup;
			children = (
				DFE871991BDF3355003BE1F3 /* Base */,
			);
			name = LaunchScreen.storyboard;
			sourceTree = "<group>";
		};
/* End PBXVariantGroup section */

/* Begin XCBuildConfiguration section */
		DFE871B21BDF3355003BE1F3 /* Debug */ = {
			isa = XCBuildConfiguration;
			buildSettings = {
				ALWAYS_SEARCH_USER_PATHS = NO;
				CLANG_CXX_LANGUAGE_STANDARD = "gnu++0x";
				CLANG_CXX_LIBRARY = "libc++";
				CLANG_ENABLE_MODULES = YES;
				CLANG_ENABLE_OBJC_ARC = YES;
				CLANG_WARN_BOOL_CONVERSION = YES;
				CLANG_WARN_CONSTANT_CONVERSION = YES;
				CLANG_WARN_DIRECT_OBJC_ISA_USAGE = YES_ERROR;
				CLANG_WARN_EMPTY_BODY = YES;
				CLANG_WARN_ENUM_CONVERSION = YES;
				CLANG_WARN_INT_CONVERSION = YES;
				CLANG_WARN_OBJC_ROOT_CLASS = YES_ERROR;
				CLANG_WARN_UNREACHABLE_CODE = YES;
				CLANG_WARN__DUPLICATE_METHOD_MATCH = YES;
				CODE_SIGN_IDENTITY = "iPhone Developer: Amorn Apichattanakul (6W82L384E3)";
				"CODE_SIGN_IDENTITY[sdk=iphoneos*]" = "iPhone Developer: Amorn Apichattanakul (6W82L384E3)";
				COPY_PHASE_STRIP = NO;
				DEBUG_INFORMATION_FORMAT = dwarf;
				DEFINES_MODULE = YES;
				ENABLE_STRICT_OBJC_MSGSEND = YES;
				ENABLE_TESTABILITY = YES;
				GCC_C_LANGUAGE_STANDARD = gnu99;
				GCC_DYNAMIC_NO_PIC = NO;
				GCC_NO_COMMON_BLOCKS = YES;
				GCC_OPTIMIZATION_LEVEL = 0;
				GCC_PREPROCESSOR_DEFINITIONS = (
					"DEBUG=1",
					"$(inherited)",
				);
				GCC_WARN_64_TO_32_BIT_CONVERSION = YES;
				GCC_WARN_ABOUT_RETURN_TYPE = YES_ERROR;
				GCC_WARN_UNDECLARED_SELECTOR = YES;
				GCC_WARN_UNINITIALIZED_AUTOS = YES_AGGRESSIVE;
				GCC_WARN_UNUSED_FUNCTION = YES;
				GCC_WARN_UNUSED_VARIABLE = YES;
				IPHONEOS_DEPLOYMENT_TARGET = 9.1;
				MTL_ENABLE_DEBUG_INFO = YES;
				ONLY_ACTIVE_ARCH = YES;
				OTHER_LDFLAGS = "-ObjC";
				SDKROOT = iphoneos;
				SWIFT_OBJC_BRIDGING_HEADER = Bridging.h;
				SWIFT_OPTIMIZATION_LEVEL = "-Onone";
				TARGETED_DEVICE_FAMILY = "1,2";
			};
			name = Debug;
		};
		DFE871B31BDF3355003BE1F3 /* Release */ = {
			isa = XCBuildConfiguration;
			buildSettings = {
				ALWAYS_SEARCH_USER_PATHS = NO;
				CLANG_CXX_LANGUAGE_STANDARD = "gnu++0x";
				CLANG_CXX_LIBRARY = "libc++";
				CLANG_ENABLE_MODULES = YES;
				CLANG_ENABLE_OBJC_ARC = YES;
				CLANG_WARN_BOOL_CONVERSION = YES;
				CLANG_WARN_CONSTANT_CONVERSION = YES;
				CLANG_WARN_DIRECT_OBJC_ISA_USAGE = YES_ERROR;
				CLANG_WARN_EMPTY_BODY = YES;
				CLANG_WARN_ENUM_CONVERSION = YES;
				CLANG_WARN_INT_CONVERSION = YES;
				CLANG_WARN_OBJC_ROOT_CLASS = YES_ERROR;
				CLANG_WARN_UNREACHABLE_CODE = YES;
				CLANG_WARN__DUPLICATE_METHOD_MATCH = YES;
				CODE_SIGN_IDENTITY = "iPhone Developer: Amorn Apichattanakul (6W82L384E3)";
				"CODE_SIGN_IDENTITY[sdk=iphoneos*]" = "iPhone Developer: Amorn Apichattanakul (6W82L384E3)";
				COPY_PHASE_STRIP = NO;
				DEBUG_INFORMATION_FORMAT = "dwarf-with-dsym";
				DEFINES_MODULE = YES;
				ENABLE_NS_ASSERTIONS = NO;
				ENABLE_STRICT_OBJC_MSGSEND = YES;
				GCC_C_LANGUAGE_STANDARD = gnu99;
				GCC_NO_COMMON_BLOCKS = YES;
				GCC_WARN_64_TO_32_BIT_CONVERSION = YES;
				GCC_WARN_ABOUT_RETURN_TYPE = YES_ERROR;
				GCC_WARN_UNDECLARED_SELECTOR = YES;
				GCC_WARN_UNINITIALIZED_AUTOS = YES_AGGRESSIVE;
				GCC_WARN_UNUSED_FUNCTION = YES;
				GCC_WARN_UNUSED_VARIABLE = YES;
				IPHONEOS_DEPLOYMENT_TARGET = 9.1;
				MTL_ENABLE_DEBUG_INFO = NO;
				OTHER_LDFLAGS = "-ObjC";
				SDKROOT = iphoneos;
				SWIFT_OBJC_BRIDGING_HEADER = Bridging.h;
				TARGETED_DEVICE_FAMILY = "1,2";
				VALIDATE_PRODUCT = YES;
			};
			name = Release;
		};
		DFE871B51BDF3355003BE1F3 /* Debug */ = {
			isa = XCBuildConfiguration;
			buildSettings = {
				ASSETCATALOG_COMPILER_APPICON_NAME = AppIcon;
				CODE_SIGN_IDENTITY = "iPhone Developer";
				DEFINES_MODULE = YES;
				FRAMEWORK_SEARCH_PATHS = (
					"$(inherited)",
					"$(PROJECT_DIR)/Kaoyai",
				);
				INFOPLIST_FILE = Kaoyai/Info.plist;
				IPHONEOS_DEPLOYMENT_TARGET = 9.1;
				LD_RUNPATH_SEARCH_PATHS = "$(inherited) @executable_path/Frameworks";
				LIBRARY_SEARCH_PATHS = (
					"$(inherited)",
					"$(PROJECT_DIR)/Kaoyai",
				);
				OTHER_LDFLAGS = (
					"-all_load",
					"-ObjC",
				);
				PRODUCT_BUNDLE_IDENTIFIER = com.theamorn.khaoyai;
				PRODUCT_NAME = Khaoyai;
			};
			name = Debug;
		};
		DFE871B61BDF3355003BE1F3 /* Release */ = {
			isa = XCBuildConfiguration;
			buildSettings = {
				ASSETCATALOG_COMPILER_APPICON_NAME = AppIcon;
				CODE_SIGN_IDENTITY = "iPhone Developer";
				DEFINES_MODULE = YES;
				FRAMEWORK_SEARCH_PATHS = (
					"$(inherited)",
					"$(PROJECT_DIR)/Kaoyai",
				);
				INFOPLIST_FILE = Kaoyai/Info.plist;
				IPHONEOS_DEPLOYMENT_TARGET = 9.1;
				LD_RUNPATH_SEARCH_PATHS = "$(inherited) @executable_path/Frameworks";
				LIBRARY_SEARCH_PATHS = (
					"$(inherited)",
					"$(PROJECT_DIR)/Kaoyai",
				);
				OTHER_LDFLAGS = (
					"-all_load",
					"-ObjC",
				);
				PRODUCT_BUNDLE_IDENTIFIER = com.theamorn.khaoyai;
				PRODUCT_NAME = Khaoyai;
			};
			name = Release;
		};
		DFE871B81BDF3355003BE1F3 /* Debug */ = {
			isa = XCBuildConfiguration;
			buildSettings = {
				BUNDLE_LOADER = "$(TEST_HOST)";
				INFOPLIST_FILE = KaoyaiTests/Info.plist;
				LD_RUNPATH_SEARCH_PATHS = "$(inherited) @executable_path/Frameworks @loader_path/Frameworks";
				PRODUCT_BUNDLE_IDENTIFIER = com.theamorn.KaoyaiTests;
				PRODUCT_NAME = Khaoyai;
				TEST_HOST = "$(BUILT_PRODUCTS_DIR)/Khaoyai.app/Khaoyai";
			};
			name = Debug;
		};
		DFE871B91BDF3355003BE1F3 /* Release */ = {
			isa = XCBuildConfiguration;
			buildSettings = {
				BUNDLE_LOADER = "$(TEST_HOST)";
				INFOPLIST_FILE = KaoyaiTests/Info.plist;
				LD_RUNPATH_SEARCH_PATHS = "$(inherited) @executable_path/Frameworks @loader_path/Frameworks";
				PRODUCT_BUNDLE_IDENTIFIER = com.theamorn.KaoyaiTests;
				PRODUCT_NAME = Khaoyai;
				TEST_HOST = "$(BUILT_PRODUCTS_DIR)/Khaoyai.app/Khaoyai";
			};
			name = Release;
		};
		DFE871BB1BDF3355003BE1F3 /* Debug */ = {
			isa = XCBuildConfiguration;
			buildSettings = {
				INFOPLIST_FILE = KaoyaiUITests/Info.plist;
				LD_RUNPATH_SEARCH_PATHS = "$(inherited) @executable_path/Frameworks @loader_path/Frameworks";
				PRODUCT_BUNDLE_IDENTIFIER = com.theamorn.KaoyaiUITests;
				PRODUCT_NAME = Khaoyai;
				TEST_TARGET_NAME = Kaoyai;
				USES_XCTRUNNER = YES;
			};
			name = Debug;
		};
		DFE871BC1BDF3355003BE1F3 /* Release */ = {
			isa = XCBuildConfiguration;
			buildSettings = {
				INFOPLIST_FILE = KaoyaiUITests/Info.plist;
				LD_RUNPATH_SEARCH_PATHS = "$(inherited) @executable_path/Frameworks @loader_path/Frameworks";
				PRODUCT_BUNDLE_IDENTIFIER = com.theamorn.KaoyaiUITests;
				PRODUCT_NAME = Khaoyai;
				TEST_TARGET_NAME = Kaoyai;
				USES_XCTRUNNER = YES;
			};
			name = Release;
		};
/* End XCBuildConfiguration section */

/* Begin XCConfigurationList section */
		DFE871841BDF3355003BE1F3 /* Build configuration list for PBXProject "Khaoyai" */ = {
			isa = XCConfigurationList;
			buildConfigurations = (
				DFE871B21BDF3355003BE1F3 /* Debug */,
				DFE871B31BDF3355003BE1F3 /* Release */,
			);
			defaultConfigurationIsVisible = 0;
			defaultConfigurationName = Release;
		};
		DFE871B41BDF3355003BE1F3 /* Build configuration list for PBXNativeTarget "Khaoyai" */ = {
			isa = XCConfigurationList;
			buildConfigurations = (
				DFE871B51BDF3355003BE1F3 /* Debug */,
				DFE871B61BDF3355003BE1F3 /* Release */,
			);
			defaultConfigurationIsVisible = 0;
			defaultConfigurationName = Release;
		};
		DFE871B71BDF3355003BE1F3 /* Build configuration list for PBXNativeTarget "KhaoyaiTests" */ = {
			isa = XCConfigurationList;
			buildConfigurations = (
				DFE871B81BDF3355003BE1F3 /* Debug */,
				DFE871B91BDF3355003BE1F3 /* Release */,
			);
			defaultConfigurationIsVisible = 0;
			defaultConfigurationName = Release;
		};
		DFE871BA1BDF3355003BE1F3 /* Build configuration list for PBXNativeTarget "KhaoyaiUITests" */ = {
			isa = XCConfigurationList;
			buildConfigurations = (
				DFE871BB1BDF3355003BE1F3 /* Debug */,
				DFE871BC1BDF3355003BE1F3 /* Release */,
			);
			defaultConfigurationIsVisible = 0;
			defaultConfigurationName = Release;
		};
/* End XCConfigurationList section */

/* Begin XCVersionGroup section */
		9AE9DE781C22A61400454B2E /* Kaoyai.xcdatamodeld */ = {
			isa = XCVersionGroup;
			children = (
				9AE9DE791C22A61400454B2E /* Kaoyai.xcdatamodel */,
			);
			currentVersion = 9AE9DE791C22A61400454B2E /* Kaoyai.xcdatamodel */;
			path = Kaoyai.xcdatamodeld;
			sourceTree = "<group>";
			versionGroupType = wrapper.xcdatamodel;
		};
/* End XCVersionGroup section */
	};
	rootObject = DFE871811BDF3355003BE1F3 /* Project object */;
}
